Microsoft Visual Studio Solution File, Format Version 12.00
# Visual Studio Version 17
VisualStudioVersion = 17.5.2.0
MinimumVisualStudioVersion = 10.0.40219.1
Project("{FAE04EC0-301F-11D3-BF4B-00C04F79EFBC}") = "PrimaWebApp", "PrimaWebApp\PrimaWebApp.csproj", "{589607EC-5958-8FF3-C345-D70F17D66991}"
EndProject
Global
	GlobalSection(SolutionConfigurationPlatforms) = preSolution
		Debug|Any CPU = Debug|Any CPU
		Release|Any CPU = Release|Any CPU
	EndGlobalSection
	GlobalSection(ProjectConfigurationPlatforms) = postSolution
		{589607EC-5958-8FF3-C345-D70F17D66991}.Debug|Any CPU.ActiveCfg = Debug|Any CPU
		{589607EC-5958-8FF3-C345-D70F17D66991}.Debug|Any CPU.Build.0 = Debug|Any CPU
		{589607EC-5958-8FF3-C345-D70F17D66991}.Release|Any CPU.ActiveCfg = Release|Any CPU
		{589607EC-5958-8FF3-C345-D70F17D66991}.Release|Any CPU.Build.0 = Release|Any CPU
	EndGlobalSection
	GlobalSection(SolutionProperties) = preSolution
		HideSolutionNode = FALSE
	EndGlobalSection
	GlobalSection(ExtensibilityGlobals) = postSolution
		SolutionGuid = {6932CAFD-39C2-4BFC-BC0D-0F5EF2E0FF1E}
	EndGlobalSection
EndGlobal
